
Microsoft Visual Studio Solution File, Format Version 12.00
# Visual Studio Version 16
VisualStudioVersion = 16.0.32002.261
MinimumVisualStudioVersion = 10.0.40219.1
Project("{159641D6-6404-4A2A-AE62-294DE0FE8301}") = "Integration Services Project1", "Integration Services Project1.dtproj", "{79C08AED-F106-4760-A1F6-2C3F2A30EF49}"
EndProject
Global
	GlobalSection(SolutionConfigurationPlatforms) = preSolution
		Development|Default = Development|Default
	EndGlobalSection
	GlobalSection(ProjectConfigurationPlatforms) = postSolution
		{79C08AED-F106-4760-A1F6-2C3F2A30EF49}.Development|Default.ActiveCfg = Development
		{79C08AED-F106-4760-A1F6-2C3F2A30EF49}.Development|Default.Build.0 = Development
	EndGlobalSection
	GlobalSection(SolutionProperties) = preSolution
		HideSolutionNode = FALSE
	EndGlobalSection
	GlobalSection(ExtensibilityGlobals) = postSolution
		SolutionGuid = {DC299C6B-652A-4415-A739-7C9F5E3B94A5}
	EndGlobalSection
EndGlobal
